{
  "nodes": {
    "home-manager": {
      "inputs": {
        "nixpkgs": [
          "nixpkgs"
        ],
        "utils": "utils"
      },
      "locked": {
        "lastModified": 1674477719,
        "narHash": "sha256-tciutt7rulypHZfbXp2j+5K6exyVAtsxF2//2J9BSvI=",
        "owner": "nix-community",
        "repo": "home-manager",
        "rev": "ab25abf9e5c07b3c90d78aa06c44a4085ecba003",
        "type": "github"
      },
      "original": {
        "owner": "nix-community",
        "repo": "home-manager",
        "type": "github"
      }
    },
    "nixfork": {
      "locked": {
        "lastModified": 1664887124,
        "narHash": "sha256-9QQxnsrgI2uVsEjY/e4xtz5II/DwgT5mOkIHrWvRna8=",
        "owner": "TheZombie1999",
        "repo": "nixpkgs",
        "rev": "ba89961a61006676129f099a74c7697b53db0fea",
        "type": "github"
      },
      "original": {
        "owner": "TheZombie1999",
        "ref": "master",
        "repo": "nixpkgs",
        "type": "github"
      }
    },
    "nixpkgs": {
      "locked": {
        "lastModified": 1674211260,
        "narHash": "sha256-xU6Rv9sgnwaWK7tgCPadV6HhI2Y/fl4lKxJoG2+m9qs=",
        "owner": "NixOS",
        "repo": "nixpkgs",
        "rev": "5ed481943351e9fd354aeb557679624224de38d5",
        "type": "github"
      },
      "original": {
        "owner": "NixOS",
        "ref": "nixos-unstable",
        "repo": "nixpkgs",
        "type": "github"
      }
    },
    "root": {
      "inputs": {
        "home-manager": "home-manager",
        "nixfork": "nixfork",
        "nixpkgs": "nixpkgs"
      }
    },
    "utils": {
      "locked": {
        "lastModified": 1667395993,
        "narHash": "sha256-nuEHfE/LcWyuSWnS8t12N1wc105Qtau+/OdUAjtQ0rA=",
        "owner": "numtide",
        "repo": "flake-utils",
        "rev": "5aed5285a952e0b949eb3ba02c12fa4fcfef535f",
        "type": "github"
      },
      "original": {
        "owner": "numtide",
        "repo": "flake-utils",
        "type": "github"
      }
    }
  },
  "root": "root",
  "version": 7
}
